
Microsoft Visual Studio Solution File, Format Version 12.00
# Visual Studio 2012
Project("{FAE04EC0-301F-11D3-BF4B-00C04F79EFBC}") = "Secrets", "Secrets\Secrets.csproj", "{87E23418-D2B8-4E51-A6E4-83CE234BAABA}"
EndProject
Global
	GlobalSection(SolutionConfigurationPlatforms) = preSolution
		Debug|Any CPU = Debug|Any CPU
		Release|Any CPU = Release|Any CPU
	EndGlobalSection
	GlobalSection(ProjectConfigurationPlatforms) = postSolution
		{87E23418-D2B8-4E51-A6E4-83CE234BAABA}.Debug|Any CPU.ActiveCfg = Debug|Any CPU
		{87E23418-D2B8-4E51-A6E4-83CE234BAABA}.Debug|Any CPU.Build.0 = Debug|Any CPU
		{87E23418-D2B8-4E51-A6E4-83CE234BAABA}.Release|Any CPU.ActiveCfg = Release|Any CPU
		{87E23418-D2B8-4E51-A6E4-83CE234BAABA}.Release|Any CPU.Build.0 = Release|Any CPU
	EndGlobalSection
	GlobalSection(SolutionProperties) = preSolution
		HideSolutionNode = FALSE
	EndGlobalSection
EndGlobal
