
Microsoft Visual Studio Solution File, Format Version 12.00
# Visual Studio 2012
Project("{FAE04EC0-301F-11D3-BF4B-00C04F79EFBC}") = "DrunkNumbers", "DrunkNumbers\DrunkNumbers.csproj", "{5505B81B-864D-4728-8D4F-0F10FBA07CCB}"
EndProject
Global
	GlobalSection(SolutionConfigurationPlatforms) = preSolution
		Debug|Any CPU = Debug|Any CPU
		Release|Any CPU = Release|Any CPU
	EndGlobalSection
	GlobalSection(ProjectConfigurationPlatforms) = postSolution
		{5505B81B-864D-4728-8D4F-0F10FBA07CCB}.Debug|Any CPU.ActiveCfg = Debug|Any CPU
		{5505B81B-864D-4728-8D4F-0F10FBA07CCB}.Debug|Any CPU.Build.0 = Debug|Any CPU
		{5505B81B-864D-4728-8D4F-0F10FBA07CCB}.Release|Any CPU.ActiveCfg = Release|Any CPU
		{5505B81B-864D-4728-8D4F-0F10FBA07CCB}.Release|Any CPU.Build.0 = Release|Any CPU
	EndGlobalSection
	GlobalSection(SolutionProperties) = preSolution
		HideSolutionNode = FALSE
	EndGlobalSection
EndGlobal
