
Microsoft Visual Studio Solution File, Format Version 12.00
# Visual Studio 2012
Project("{2150E333-8FDC-42A3-9474-1A3956D46DE8}") = "TreeViewPlugin", "TreeViewPlugin", "{FB1FE261-1F6D-4E9D-9BEC-D4BCF3D56B12}"
	ProjectSection(SolutionItems) = preProject
		index.html = index.html
		tree-view.js = tree-view.js
	EndProjectSection
EndProject
Project("{2150E333-8FDC-42A3-9474-1A3956D46DE8}") = "FadingMessageBox", "FadingMessageBox", "{99BDE066-BB36-4688-8A2F-215D6F26199D}"
	ProjectSection(SolutionItems) = preProject
		fading-message.js = fading-message.js
		fading.html = fading.html
	EndProjectSection
EndProject
Global
	GlobalSection(SolutionProperties) = preSolution
		HideSolutionNode = FALSE
	EndGlobalSection
EndGlobal
