
Microsoft Visual Studio Solution File, Format Version 12.00
# Visual Studio 2012
Project("{FAE04EC0-301F-11D3-BF4B-00C04F79EFBC}") = "ShipDamage", "ShipDamage\ShipDamage.csproj", "{FE2470B1-3DA7-48C6-8F6F-69BDF7AAD4D6}"
EndProject
Global
	GlobalSection(SolutionConfigurationPlatforms) = preSolution
		Debug|Any CPU = Debug|Any CPU
		Release|Any CPU = Release|Any CPU
	EndGlobalSection
	GlobalSection(ProjectConfigurationPlatforms) = postSolution
		{FE2470B1-3DA7-48C6-8F6F-69BDF7AAD4D6}.Debug|Any CPU.ActiveCfg = Debug|Any CPU
		{FE2470B1-3DA7-48C6-8F6F-69BDF7AAD4D6}.Debug|Any CPU.Build.0 = Debug|Any CPU
		{FE2470B1-3DA7-48C6-8F6F-69BDF7AAD4D6}.Release|Any CPU.ActiveCfg = Release|Any CPU
		{FE2470B1-3DA7-48C6-8F6F-69BDF7AAD4D6}.Release|Any CPU.Build.0 = Release|Any CPU
	EndGlobalSection
	GlobalSection(SolutionProperties) = preSolution
		HideSolutionNode = FALSE
	EndGlobalSection
EndGlobal
