Microsoft Visual Studio Solution File, Format Version 11.00
# Visual Studio 2008

Project("{89681787-B17C-733B-5480-F8F9BD59F01A}") = "The Alien Runner 2D game-beta 1-1", "Assembly-CSharp-vs.csproj", "{44E60A87-D21B-5CB6-C0A9-06960789549F}"
EndProject
Global
	GlobalSection(SolutionConfigurationPlatforms) = preSolution
		Debug|Any CPU = Debug|Any CPU
		Release|Any CPU = Release|Any CPU
	EndGlobalSection
	GlobalSection(ProjectConfigurationPlatforms) = postSolution
		{44E60A87-D21B-5CB6-C0A9-06960789549F}.Debug|Any CPU.ActiveCfg = Debug|Any CPU
		{44E60A87-D21B-5CB6-C0A9-06960789549F}.Debug|Any CPU.Build.0 = Debug|Any CPU
		{44E60A87-D21B-5CB6-C0A9-06960789549F}.Release|Any CPU.ActiveCfg = Release|Any CPU
		{44E60A87-D21B-5CB6-C0A9-06960789549F}.Release|Any CPU.Build.0 = Release|Any CPU
	EndGlobalSection
	GlobalSection(SolutionProperties) = preSolution
		HideSolutionNode = FALSE
	EndGlobalSection
														GlobalSection(MonoDevelopProperties) = preSolution
		StartupItem = Assembly-CSharp.csproj
		Policies = $0
		$0.TextStylePolicy = $1
		$1.inheritsSet = null
		$1.scope = text/x-csharp
		$0.CSharpFormattingPolicy = $2
		$2.inheritsSet = Mono
		$2.inheritsScope = text/x-csharp
		$2.scope = text/x-csharp
		$0.TextStylePolicy = $3
		$3.FileWidth = 120
		$3.TabWidth = 4
		$3.EolMarker = Unix
		$3.inheritsSet = Mono
		$3.inheritsScope = text/plain
		$3.scope = text/plain
	EndGlobalSection

EndGlobal
