
Microsoft Visual Studio Solution File, Format Version 12.00
# Visual Studio 2012
Project("{FAE04EC0-301F-11D3-BF4B-00C04F79EFBC}") = "Xexpression", "Xexpression\Xexpression.csproj", "{467FF496-5B0C-4D69-9D70-16CC240F5C3E}"
EndProject
Global
	GlobalSection(SolutionConfigurationPlatforms) = preSolution
		Debug|Any CPU = Debug|Any CPU
		Release|Any CPU = Release|Any CPU
	EndGlobalSection
	GlobalSection(ProjectConfigurationPlatforms) = postSolution
		{467FF496-5B0C-4D69-9D70-16CC240F5C3E}.Debug|Any CPU.ActiveCfg = Debug|Any CPU
		{467FF496-5B0C-4D69-9D70-16CC240F5C3E}.Debug|Any CPU.Build.0 = Debug|Any CPU
		{467FF496-5B0C-4D69-9D70-16CC240F5C3E}.Release|Any CPU.ActiveCfg = Release|Any CPU
		{467FF496-5B0C-4D69-9D70-16CC240F5C3E}.Release|Any CPU.Build.0 = Release|Any CPU
	EndGlobalSection
	GlobalSection(SolutionProperties) = preSolution
		HideSolutionNode = FALSE
	EndGlobalSection
EndGlobal
