
Microsoft Visual Studio Solution File, Format Version 12.00
# Visual Studio 2012
Project("{FAE04EC0-301F-11D3-BF4B-00C04F79EFBC}") = "JavaScript-Loops-Arrays-Strings-HW", "JavaScript-Loops-Arrays-Strings-HW\JavaScript-Loops-Arrays-Strings-HW.csproj", "{47877E03-428E-490B-A19C-174702A7CEDA}"
EndProject
Global
	GlobalSection(SolutionConfigurationPlatforms) = preSolution
		Debug|Any CPU = Debug|Any CPU
		Release|Any CPU = Release|Any CPU
	EndGlobalSection
	GlobalSection(ProjectConfigurationPlatforms) = postSolution
		{47877E03-428E-490B-A19C-174702A7CEDA}.Debug|Any CPU.ActiveCfg = Debug|Any CPU
		{47877E03-428E-490B-A19C-174702A7CEDA}.Debug|Any CPU.Build.0 = Debug|Any CPU
		{47877E03-428E-490B-A19C-174702A7CEDA}.Release|Any CPU.ActiveCfg = Release|Any CPU
		{47877E03-428E-490B-A19C-174702A7CEDA}.Release|Any CPU.Build.0 = Release|Any CPU
	EndGlobalSection
	GlobalSection(SolutionProperties) = preSolution
		HideSolutionNode = FALSE
	EndGlobalSection
EndGlobal
