
Microsoft Visual Studio Solution File, Format Version 12.00
# Visual Studio 2012
Project("{FAE04EC0-301F-11D3-BF4B-00C04F79EFBC}") = "JS-Functions-Objects-HW", "JS-Functions-Objects-HW\JS-Functions-Objects-HW.csproj", "{4FADF6BF-C654-4C9A-B04B-E3DC1525471B}"
EndProject
Global
	GlobalSection(SolutionConfigurationPlatforms) = preSolution
		Debug|Any CPU = Debug|Any CPU
		Release|Any CPU = Release|Any CPU
	EndGlobalSection
	GlobalSection(ProjectConfigurationPlatforms) = postSolution
		{4FADF6BF-C654-4C9A-B04B-E3DC1525471B}.Debug|Any CPU.ActiveCfg = Debug|Any CPU
		{4FADF6BF-C654-4C9A-B04B-E3DC1525471B}.Debug|Any CPU.Build.0 = Debug|Any CPU
		{4FADF6BF-C654-4C9A-B04B-E3DC1525471B}.Release|Any CPU.ActiveCfg = Release|Any CPU
		{4FADF6BF-C654-4C9A-B04B-E3DC1525471B}.Release|Any CPU.Build.0 = Release|Any CPU
	EndGlobalSection
	GlobalSection(SolutionProperties) = preSolution
		HideSolutionNode = FALSE
	EndGlobalSection
EndGlobal
