
Microsoft Visual Studio Solution File, Format Version 12.00
# Visual Studio 2012
Project("{FAE04EC0-301F-11D3-BF4B-00C04F79EFBC}") = "BitBall", "BitBall\BitBall.csproj", "{134E2B6C-573A-4EB9-AE44-FA29EDCEFC9C}"
EndProject
Global
	GlobalSection(SolutionConfigurationPlatforms) = preSolution
		Debug|Any CPU = Debug|Any CPU
		Release|Any CPU = Release|Any CPU
	EndGlobalSection
	GlobalSection(ProjectConfigurationPlatforms) = postSolution
		{134E2B6C-573A-4EB9-AE44-FA29EDCEFC9C}.Debug|Any CPU.ActiveCfg = Debug|Any CPU
		{134E2B6C-573A-4EB9-AE44-FA29EDCEFC9C}.Debug|Any CPU.Build.0 = Debug|Any CPU
		{134E2B6C-573A-4EB9-AE44-FA29EDCEFC9C}.Release|Any CPU.ActiveCfg = Release|Any CPU
		{134E2B6C-573A-4EB9-AE44-FA29EDCEFC9C}.Release|Any CPU.Build.0 = Release|Any CPU
	EndGlobalSection
	GlobalSection(SolutionProperties) = preSolution
		HideSolutionNode = FALSE
	EndGlobalSection
EndGlobal
