
Microsoft Visual Studio Solution File, Format Version 12.00
# Visual Studio 2012
Project("{FAE04EC0-301F-11D3-BF4B-00C04F79EFBC}") = "CSS-Layout", "CSS-Layout\CSS-Layout.csproj", "{9C39E4A4-5000-4E6F-B5C5-CEA090E7721A}"
EndProject
Global
	GlobalSection(SolutionConfigurationPlatforms) = preSolution
		Debug|Any CPU = Debug|Any CPU
		Release|Any CPU = Release|Any CPU
	EndGlobalSection
	GlobalSection(ProjectConfigurationPlatforms) = postSolution
		{9C39E4A4-5000-4E6F-B5C5-CEA090E7721A}.Debug|Any CPU.ActiveCfg = Debug|Any CPU
		{9C39E4A4-5000-4E6F-B5C5-CEA090E7721A}.Debug|Any CPU.Build.0 = Debug|Any CPU
		{9C39E4A4-5000-4E6F-B5C5-CEA090E7721A}.Release|Any CPU.ActiveCfg = Release|Any CPU
		{9C39E4A4-5000-4E6F-B5C5-CEA090E7721A}.Release|Any CPU.Build.0 = Release|Any CPU
	EndGlobalSection
	GlobalSection(SolutionProperties) = preSolution
		HideSolutionNode = FALSE
	EndGlobalSection
EndGlobal
