
Microsoft Visual Studio Solution File, Format Version 12.00
# Visual Studio 2012
Project("{2150E333-8FDC-42A3-9474-1A3956D46DE8}") = "ElementsInserion", "ElementsInserion", "{FA0841B4-1D34-4E50-851E-2031F0BBDD3C}"
	ProjectSection(SolutionItems) = preProject
		element-insertion.js = element-insertion.js
		ElementInserion.html = ElementInserion.html
	EndProjectSection
EndProject
Project("{2150E333-8FDC-42A3-9474-1A3956D46DE8}") = "BackgroundColorSwitch", "BackgroundColorSwitch", "{370B7DD5-9522-4286-995C-F00FEF4D03D9}"
	ProjectSection(SolutionItems) = preProject
		BackgroundColorSwitch.html = BackgroundColorSwitch.html
		color-switch.js = color-switch.js
	EndProjectSection
EndProject
Project("{2150E333-8FDC-42A3-9474-1A3956D46DE8}") = "TableGenerator", "TableGenerator", "{F5D0D523-5AE7-41F4-B40C-D2613605FC15}"
	ProjectSection(SolutionItems) = preProject
		style.css = style.css
		table-generator.html = table-generator.html
		table-generator.js = table-generator.js
	EndProjectSection
EndProject
Project("{2150E333-8FDC-42A3-9474-1A3956D46DE8}") = "SlideShow", "SlideShow", "{9681602B-4A90-49D0-997E-05FB91FCA725}"
	ProjectSection(SolutionItems) = preProject
		slideshow.html = slideshow.html
		slideshow.js = slideshow.js
		styles.css = styles.css
	EndProjectSection
EndProject
Global
	GlobalSection(SolutionProperties) = preSolution
		HideSolutionNode = FALSE
	EndGlobalSection
EndGlobal
